
Microsoft Visual Studio Solution File, Format Version 12.00
# Visual Studio Version 16
VisualStudioVersion = 16.0.28803.156
MinimumVisualStudioVersion = 10.0.40219.1
Project("{FAE04EC0-301F-11D3-BF4B-00C04F79EFBC}") = "LCC162", "LCC162\LCC162.csproj", "{695B3B2D-A5BD-4A36-BC7A-B7CFE31FEF6F}"
EndProject
Project("{FAE04EC0-301F-11D3-BF4B-00C04F79EFBC}") = "DiscussGoogle", "DiscussGoogle\DiscussGoogle.csproj", "{86AA3C78-739E-4286-A6E9-51A8265976FB}"
EndProject
Global
	GlobalSection(SolutionConfigurationPlatforms) = preSolution
		Debug|Any CPU = Debug|Any CPU
		Release|Any CPU = Release|Any CPU
	EndGlobalSection
	GlobalSection(ProjectConfigurationPlatforms) = postSolution
		{695B3B2D-A5BD-4A36-BC7A-B7CFE31FEF6F}.Debug|Any CPU.ActiveCfg = Debug|Any CPU
		{695B3B2D-A5BD-4A36-BC7A-B7CFE31FEF6F}.Debug|Any CPU.Build.0 = Debug|Any CPU
		{695B3B2D-A5BD-4A36-BC7A-B7CFE31FEF6F}.Release|Any CPU.ActiveCfg = Release|Any CPU
		{695B3B2D-A5BD-4A36-BC7A-B7CFE31FEF6F}.Release|Any CPU.Build.0 = Release|Any CPU
		{86AA3C78-739E-4286-A6E9-51A8265976FB}.Debug|Any CPU.ActiveCfg = Debug|Any CPU
		{86AA3C78-739E-4286-A6E9-51A8265976FB}.Debug|Any CPU.Build.0 = Debug|Any CPU
		{86AA3C78-739E-4286-A6E9-51A8265976FB}.Release|Any CPU.ActiveCfg = Release|Any CPU
		{86AA3C78-739E-4286-A6E9-51A8265976FB}.Release|Any CPU.Build.0 = Release|Any CPU
	EndGlobalSection
	GlobalSection(SolutionProperties) = preSolution
		HideSolutionNode = FALSE
	EndGlobalSection
	GlobalSection(ExtensibilityGlobals) = postSolution
		SolutionGuid = {3CC8DC37-764D-471B-8F0D-DEA22166A05C}
	EndGlobalSection
EndGlobal
